version = 1
revision = 3
requires-python = ">=3.12"

[[package]]
name = "pdflock"
version = "0.1.0"
source = { virtual = "." }
dependencies = [
    { name = "pypdf" },
]

[package.metadata]
requires-dist = [{ name = "pypdf", specifier = ">=6.7.0" }]

[[package]]
name = "pypdf"
version = "6.7.0"
source = { registry = "https://pypi.org/simple" }
sdist = { url = "https://files.pythonhosted.org/packages/10/45/8340de1c752bfda2da912ea0fa8c9a432f7de3f6315e82f1c0847811dff6/pypdf-6.7.0.tar.gz", hash = "sha256:eb95e244d9f434e6cfd157272283339ef586e593be64ee699c620f756d5c3f7e", size = 5299947, upload-time = "2026-02-08T14:47:11.897Z" }
wheels = [
    { url = "https://files.pythonhosted.org/packages/ed/f1/c92e75a0eb18bb10845e792054ded113010de958b6d4998e201c029417bb/pypdf-6.7.0-py3-none-any.whl", hash = "sha256:62e85036d50839cbdf45b8067c2c1a1b925517514d7cba4cbe8755a6c2829bc9", size = 330557, upload-time = "2026-02-08T14:47:10.111Z" },
]
